
Microsoft Visual Studio Solution File, Format Version 12.00
# Visual Studio Version 17
VisualStudioVersion = 17.3.32901.215
MinimumVisualStudioVersion = 10.0.40219.1
Project("{8BC9CEB8-8B4A-11D0-8D11-00A0C91BC942}") = "IntroductionToOOP", "IntroductionToOOP\IntroductionToOOP.vcxproj", "{8ADDB07B-58C9-4074-8853-2DA1C29039F9}"
EndProject
Project("{8BC9CEB8-8B4A-11D0-8D11-00A0C91BC942}") = "Fraction", "Fraction\Fraction.vcxproj", "{61AE9DD2-A46E-49DB-A01F-5EF8BFDC0A42}"
EndProject
Project("{8BC9CEB8-8B4A-11D0-8D11-00A0C91BC942}") = "String", "String\String.vcxproj", "{B2F4DD76-6346-4BAF-9115-91F95FB30F52}"
EndProject
Project("{8BC9CEB8-8B4A-11D0-8D11-00A0C91BC942}") = "Fraction-1", "Fraction-1\Fraction-1.vcxproj", "{FABBEDA8-98F1-4852-BA4C-5F4AE9B79B01}"
EndProject
Global
	GlobalSection(SolutionConfigurationPlatforms) = preSolution
		Debug|x64 = Debug|x64
		Debug|x86 = Debug|x86
		Release|x64 = Release|x64
		Release|x86 = Release|x86
	EndGlobalSection
	GlobalSection(ProjectConfigurationPlatforms) = postSolution
		{8ADDB07B-58C9-4074-8853-2DA1C29039F9}.Debug|x64.ActiveCfg = Debug|x64
		{8ADDB07B-58C9-4074-8853-2DA1C29039F9}.Debug|x64.Build.0 = Debug|x64
		{8ADDB07B-58C9-4074-8853-2DA1C29039F9}.Debug|x86.ActiveCfg = Debug|Win32
		{8ADDB07B-58C9-4074-8853-2DA1C29039F9}.Debug|x86.Build.0 = Debug|Win32
		{8ADDB07B-58C9-4074-8853-2DA1C29039F9}.Release|x64.ActiveCfg = Release|x64
		{8ADDB07B-58C9-4074-8853-2DA1C29039F9}.Release|x64.Build.0 = Release|x64
		{8ADDB07B-58C9-4074-8853-2DA1C29039F9}.Release|x86.ActiveCfg = Release|Win32
		{8ADDB07B-58C9-4074-8853-2DA1C29039F9}.Release|x86.Build.0 = Release|Win32
		{61AE9DD2-A46E-49DB-A01F-5EF8BFDC0A42}.Debug|x64.ActiveCfg = Debug|x64
		{61AE9DD2-A46E-49DB-A01F-5EF8BFDC0A42}.Debug|x64.Build.0 = Debug|x64
		{61AE9DD2-A46E-49DB-A01F-5EF8BFDC0A42}.Debug|x86.ActiveCfg = Debug|Win32
		{61AE9DD2-A46E-49DB-A01F-5EF8BFDC0A42}.Debug|x86.Build.0 = Debug|Win32
		{61AE9DD2-A46E-49DB-A01F-5EF8BFDC0A42}.Release|x64.ActiveCfg = Release|x64
		{61AE9DD2-A46E-49DB-A01F-5EF8BFDC0A42}.Release|x64.Build.0 = Release|x64
		{61AE9DD2-A46E-49DB-A01F-5EF8BFDC0A42}.Release|x86.ActiveCfg = Release|Win32
		{61AE9DD2-A46E-49DB-A01F-5EF8BFDC0A42}.Release|x86.Build.0 = Release|Win32
		{B2F4DD76-6346-4BAF-9115-91F95FB30F52}.Debug|x64.ActiveCfg = Debug|x64
		{B2F4DD76-6346-4BAF-9115-91F95FB30F52}.Debug|x64.Build.0 = Debug|x64
		{B2F4DD76-6346-4BAF-9115-91F95FB30F52}.Debug|x86.ActiveCfg = Debug|Win32
		{B2F4DD76-6346-4BAF-9115-91F95FB30F52}.Debug|x86.Build.0 = Debug|Win32
		{B2F4DD76-6346-4BAF-9115-91F95FB30F52}.Release|x64.ActiveCfg = Release|x64
		{B2F4DD76-6346-4BAF-9115-91F95FB30F52}.Release|x64.Build.0 = Release|x64
		{B2F4DD76-6346-4BAF-9115-91F95FB30F52}.Release|x86.ActiveCfg = Release|Win32
		{B2F4DD76-6346-4BAF-9115-91F95FB30F52}.Release|x86.Build.0 = Release|Win32
		{FABBEDA8-98F1-4852-BA4C-5F4AE9B79B01}.Debug|x64.ActiveCfg = Debug|x64
		{FABBEDA8-98F1-4852-BA4C-5F4AE9B79B01}.Debug|x64.Build.0 = Debug|x64
		{FABBEDA8-98F1-4852-BA4C-5F4AE9B79B01}.Debug|x86.ActiveCfg = Debug|Win32
		{FABBEDA8-98F1-4852-BA4C-5F4AE9B79B01}.Debug|x86.Build.0 = Debug|Win32
		{FABBEDA8-98F1-4852-BA4C-5F4AE9B79B01}.Release|x64.ActiveCfg = Release|x64
		{FABBEDA8-98F1-4852-BA4C-5F4AE9B79B01}.Release|x64.Build.0 = Release|x64
		{FABBEDA8-98F1-4852-BA4C-5F4AE9B79B01}.Release|x86.ActiveCfg = Release|Win32
		{FABBEDA8-98F1-4852-BA4C-5F4AE9B79B01}.Release|x86.Build.0 = Release|Win32
	EndGlobalSection
	GlobalSection(SolutionProperties) = preSolution
		HideSolutionNode = FALSE
	EndGlobalSection
	GlobalSection(ExtensibilityGlobals) = postSolution
		SolutionGuid = {12225D5E-7426-464F-BF76-850612186345}
	EndGlobalSection
EndGlobal
